
Microsoft Visual Studio Solution File, Format Version 12.00
# Visual Studio Version 16
VisualStudioVersion = 16.0.28729.10
MinimumVisualStudioVersion = 10.0.40219.1
Project("{FAE04EC0-301F-11D3-BF4B-00C04F79EFBC}") = "WPF_PruebaRepo", "WPF_PruebaRepo\WPF_PruebaRepo.csproj", "{A288C77B-D590-44FB-8FFF-A9117C28793C}"
EndProject
Global
	GlobalSection(SolutionConfigurationPlatforms) = preSolution
		Debug|Any CPU = Debug|Any CPU
		Release|Any CPU = Release|Any CPU
	EndGlobalSection
	GlobalSection(ProjectConfigurationPlatforms) = postSolution
		{A288C77B-D590-44FB-8FFF-A9117C28793C}.Debug|Any CPU.ActiveCfg = Debug|Any CPU
		{A288C77B-D590-44FB-8FFF-A9117C28793C}.Debug|Any CPU.Build.0 = Debug|Any CPU
		{A288C77B-D590-44FB-8FFF-A9117C28793C}.Release|Any CPU.ActiveCfg = Release|Any CPU
		{A288C77B-D590-44FB-8FFF-A9117C28793C}.Release|Any CPU.Build.0 = Release|Any CPU
	EndGlobalSection
	GlobalSection(SolutionProperties) = preSolution
		HideSolutionNode = FALSE
	EndGlobalSection
	GlobalSection(ExtensibilityGlobals) = postSolution
		SolutionGuid = {7E9E154A-FAD8-4304-8C8D-B812C692EB5F}
	EndGlobalSection
EndGlobal
